
Microsoft Visual Studio Solution File, Format Version 12.00
# Visual Studio Version 16
VisualStudioVersion = 16.0.32106.194
MinimumVisualStudioVersion = 10.0.40219.1
Project("{9A19103F-16F7-4668-BE54-9A1E7A4F7556}") = "IS413Mission5-Movies", "IS413Mission4-Movies\IS413Mission5-Movies.csproj", "{287C336E-158F-4F72-9574-31628BD937B5}"
EndProject
Global
	GlobalSection(SolutionConfigurationPlatforms) = preSolution
		Debug|Any CPU = Debug|Any CPU
		Release|Any CPU = Release|Any CPU
	EndGlobalSection
	GlobalSection(ProjectConfigurationPlatforms) = postSolution
		{287C336E-158F-4F72-9574-31628BD937B5}.Debug|Any CPU.ActiveCfg = Debug|Any CPU
		{287C336E-158F-4F72-9574-31628BD937B5}.Debug|Any CPU.Build.0 = Debug|Any CPU
		{287C336E-158F-4F72-9574-31628BD937B5}.Release|Any CPU.ActiveCfg = Release|Any CPU
		{287C336E-158F-4F72-9574-31628BD937B5}.Release|Any CPU.Build.0 = Release|Any CPU
	EndGlobalSection
	GlobalSection(SolutionProperties) = preSolution
		HideSolutionNode = FALSE
	EndGlobalSection
	GlobalSection(ExtensibilityGlobals) = postSolution
		SolutionGuid = {CEFE3DA4-3D92-442E-9CE2-D2286271321C}
	EndGlobalSection
EndGlobal
